
Microsoft Visual Studio Solution File, Format Version 12.00
# Visual Studio 14
VisualStudioVersion = 14.0.23107.0
MinimumVisualStudioVersion = 10.0.40219.1
Project("{FAE04EC0-301F-11D3-BF4B-00C04F79EFBC}") = "SimpTraj", "SimpTraj\SimpTraj.csproj", "{704E823A-69B0-4B0A-B756-1F29EFB0206D}"
EndProject
Project("{2150E333-8FDC-42A3-9474-1A3956D46DE8}") = "DataProc", "DataProc", "{52585113-33A9-4EDD-84DA-18DB2055F865}"
EndProject
Project("{FAE04EC0-301F-11D3-BF4B-00C04F79EFBC}") = "TrajFeatureNeeded", "TrajFeatureNeeded\TrajFeatureNeeded.csproj", "{7636A2F4-0F27-42F8-86D9-7491857238E8}"
EndProject
Project("{FAE04EC0-301F-11D3-BF4B-00C04F79EFBC}") = "AqiTraffic.DataAccess", "DBAccess\AqiTraffic.DataAccess.csproj", "{1B12A472-A35E-4733-92DE-2B65257BFBE6}"
EndProject
Project("{FAE04EC0-301F-11D3-BF4B-00C04F79EFBC}") = "GenerateCases", "GenerateCases\GenerateCases.csproj", "{21E6E58D-2EFD-4D2A-BFF7-872BE157FE82}"
EndProject
Project("{2150E333-8FDC-42A3-9474-1A3956D46DE8}") = "TestZone", "TestZone", "{0FE20A63-2F9E-4824-A8B5-B48EFBE2F381}"
EndProject
Project("{FAE04EC0-301F-11D3-BF4B-00C04F79EFBC}") = "Test1", "Test1\Test1.csproj", "{14CE2440-605D-4303-B1F1-F0D2C665997C}"
EndProject
Project("{FAE04EC0-301F-11D3-BF4B-00C04F79EFBC}") = "GenerateCasesCW", "GenerateCasesCW\GenerateCasesCW.csproj", "{73FE6672-B4B0-45E6-9DFC-735CD7A05782}"
EndProject
Project("{FAE04EC0-301F-11D3-BF4B-00C04F79EFBC}") = "AqiTraffic.Utility", "Utility\AqiTraffic.Utility.csproj", "{11046E18-1631-466A-B618-88593A60D672}"
EndProject
Project("{FAE04EC0-301F-11D3-BF4B-00C04F79EFBC}") = "GenRoadStationMapCW", "GenRoadStationMapCW\GenRoadStationMapCW.csproj", "{4354BD63-F293-498A-9E99-F047E2DDE86D}"
EndProject
Project("{FAE04EC0-301F-11D3-BF4B-00C04F79EFBC}") = "GenCastData", "GenCastData\GenCastData.csproj", "{82E07EBA-48A9-449F-8CA3-5FB2BCCB567D}"
EndProject
Project("{FAE04EC0-301F-11D3-BF4B-00C04F79EFBC}") = "GenRoadStationMap", "GenRoadStationMap\GenRoadStationMap.csproj", "{BE5E13AF-9EEE-441B-BF9C-50B2249F9274}"
EndProject
Global
	GlobalSection(SolutionConfigurationPlatforms) = preSolution
		Debug|Any CPU = Debug|Any CPU
		Release|Any CPU = Release|Any CPU
	EndGlobalSection
	GlobalSection(ProjectConfigurationPlatforms) = postSolution
		{704E823A-69B0-4B0A-B756-1F29EFB0206D}.Debug|Any CPU.ActiveCfg = Debug|Any CPU
		{704E823A-69B0-4B0A-B756-1F29EFB0206D}.Debug|Any CPU.Build.0 = Debug|Any CPU
		{704E823A-69B0-4B0A-B756-1F29EFB0206D}.Release|Any CPU.ActiveCfg = Release|Any CPU
		{704E823A-69B0-4B0A-B756-1F29EFB0206D}.Release|Any CPU.Build.0 = Release|Any CPU
		{7636A2F4-0F27-42F8-86D9-7491857238E8}.Debug|Any CPU.ActiveCfg = Debug|Any CPU
		{7636A2F4-0F27-42F8-86D9-7491857238E8}.Debug|Any CPU.Build.0 = Debug|Any CPU
		{7636A2F4-0F27-42F8-86D9-7491857238E8}.Release|Any CPU.ActiveCfg = Release|Any CPU
		{7636A2F4-0F27-42F8-86D9-7491857238E8}.Release|Any CPU.Build.0 = Release|Any CPU
		{1B12A472-A35E-4733-92DE-2B65257BFBE6}.Debug|Any CPU.ActiveCfg = Debug|Any CPU
		{1B12A472-A35E-4733-92DE-2B65257BFBE6}.Debug|Any CPU.Build.0 = Debug|Any CPU
		{1B12A472-A35E-4733-92DE-2B65257BFBE6}.Release|Any CPU.ActiveCfg = Release|Any CPU
		{1B12A472-A35E-4733-92DE-2B65257BFBE6}.Release|Any CPU.Build.0 = Release|Any CPU
		{21E6E58D-2EFD-4D2A-BFF7-872BE157FE82}.Debug|Any CPU.ActiveCfg = Debug|Any CPU
		{21E6E58D-2EFD-4D2A-BFF7-872BE157FE82}.Debug|Any CPU.Build.0 = Debug|Any CPU
		{21E6E58D-2EFD-4D2A-BFF7-872BE157FE82}.Release|Any CPU.ActiveCfg = Release|Any CPU
		{21E6E58D-2EFD-4D2A-BFF7-872BE157FE82}.Release|Any CPU.Build.0 = Release|Any CPU
		{14CE2440-605D-4303-B1F1-F0D2C665997C}.Debug|Any CPU.ActiveCfg = Debug|Any CPU
		{14CE2440-605D-4303-B1F1-F0D2C665997C}.Debug|Any CPU.Build.0 = Debug|Any CPU
		{14CE2440-605D-4303-B1F1-F0D2C665997C}.Release|Any CPU.ActiveCfg = Release|Any CPU
		{14CE2440-605D-4303-B1F1-F0D2C665997C}.Release|Any CPU.Build.0 = Release|Any CPU
		{73FE6672-B4B0-45E6-9DFC-735CD7A05782}.Debug|Any CPU.ActiveCfg = Debug|Any CPU
		{73FE6672-B4B0-45E6-9DFC-735CD7A05782}.Debug|Any CPU.Build.0 = Debug|Any CPU
		{73FE6672-B4B0-45E6-9DFC-735CD7A05782}.Release|Any CPU.ActiveCfg = Release|Any CPU
		{73FE6672-B4B0-45E6-9DFC-735CD7A05782}.Release|Any CPU.Build.0 = Release|Any CPU
		{11046E18-1631-466A-B618-88593A60D672}.Debug|Any CPU.ActiveCfg = Debug|Any CPU
		{11046E18-1631-466A-B618-88593A60D672}.Debug|Any CPU.Build.0 = Debug|Any CPU
		{11046E18-1631-466A-B618-88593A60D672}.Release|Any CPU.ActiveCfg = Release|Any CPU
		{11046E18-1631-466A-B618-88593A60D672}.Release|Any CPU.Build.0 = Release|Any CPU
		{4354BD63-F293-498A-9E99-F047E2DDE86D}.Debug|Any CPU.ActiveCfg = Debug|Any CPU
		{4354BD63-F293-498A-9E99-F047E2DDE86D}.Debug|Any CPU.Build.0 = Debug|Any CPU
		{4354BD63-F293-498A-9E99-F047E2DDE86D}.Release|Any CPU.ActiveCfg = Release|Any CPU
		{4354BD63-F293-498A-9E99-F047E2DDE86D}.Release|Any CPU.Build.0 = Release|Any CPU
		{82E07EBA-48A9-449F-8CA3-5FB2BCCB567D}.Debug|Any CPU.ActiveCfg = Debug|Any CPU
		{82E07EBA-48A9-449F-8CA3-5FB2BCCB567D}.Debug|Any CPU.Build.0 = Debug|Any CPU
		{82E07EBA-48A9-449F-8CA3-5FB2BCCB567D}.Release|Any CPU.ActiveCfg = Release|Any CPU
		{82E07EBA-48A9-449F-8CA3-5FB2BCCB567D}.Release|Any CPU.Build.0 = Release|Any CPU
		{BE5E13AF-9EEE-441B-BF9C-50B2249F9274}.Debug|Any CPU.ActiveCfg = Debug|Any CPU
		{BE5E13AF-9EEE-441B-BF9C-50B2249F9274}.Debug|Any CPU.Build.0 = Debug|Any CPU
		{BE5E13AF-9EEE-441B-BF9C-50B2249F9274}.Release|Any CPU.ActiveCfg = Release|Any CPU
		{BE5E13AF-9EEE-441B-BF9C-50B2249F9274}.Release|Any CPU.Build.0 = Release|Any CPU
	EndGlobalSection
	GlobalSection(SolutionProperties) = preSolution
		HideSolutionNode = FALSE
	EndGlobalSection
	GlobalSection(NestedProjects) = preSolution
		{704E823A-69B0-4B0A-B756-1F29EFB0206D} = {52585113-33A9-4EDD-84DA-18DB2055F865}
		{7636A2F4-0F27-42F8-86D9-7491857238E8} = {52585113-33A9-4EDD-84DA-18DB2055F865}
		{21E6E58D-2EFD-4D2A-BFF7-872BE157FE82} = {52585113-33A9-4EDD-84DA-18DB2055F865}
		{14CE2440-605D-4303-B1F1-F0D2C665997C} = {0FE20A63-2F9E-4824-A8B5-B48EFBE2F381}
		{73FE6672-B4B0-45E6-9DFC-735CD7A05782} = {52585113-33A9-4EDD-84DA-18DB2055F865}
		{4354BD63-F293-498A-9E99-F047E2DDE86D} = {52585113-33A9-4EDD-84DA-18DB2055F865}
		{82E07EBA-48A9-449F-8CA3-5FB2BCCB567D} = {52585113-33A9-4EDD-84DA-18DB2055F865}
		{BE5E13AF-9EEE-441B-BF9C-50B2249F9274} = {52585113-33A9-4EDD-84DA-18DB2055F865}
	EndGlobalSection
EndGlobal
